
Microsoft Visual Studio Solution File, Format Version 12.00
# Visual Studio Version 16
VisualStudioVersion = 16.0.30413.136
MinimumVisualStudioVersion = 10.0.40219.1
Project("{FAE04EC0-301F-11D3-BF4B-00C04F79EFBC}") = "report DR", "report DR\report DR.csproj", "{5933BCB3-0CE1-4AE9-BF2B-8BF83EA62FC0}"
EndProject
Global
	GlobalSection(SolutionConfigurationPlatforms) = preSolution
		Debug|Any CPU = Debug|Any CPU
		Release|Any CPU = Release|Any CPU
	EndGlobalSection
	GlobalSection(ProjectConfigurationPlatforms) = postSolution
		{5933BCB3-0CE1-4AE9-BF2B-8BF83EA62FC0}.Debug|Any CPU.ActiveCfg = Debug|Any CPU
		{5933BCB3-0CE1-4AE9-BF2B-8BF83EA62FC0}.Debug|Any CPU.Build.0 = Debug|Any CPU
		{5933BCB3-0CE1-4AE9-BF2B-8BF83EA62FC0}.Release|Any CPU.ActiveCfg = Release|Any CPU
		{5933BCB3-0CE1-4AE9-BF2B-8BF83EA62FC0}.Release|Any CPU.Build.0 = Release|Any CPU
	EndGlobalSection
	GlobalSection(SolutionProperties) = preSolution
		HideSolutionNode = FALSE
	EndGlobalSection
	GlobalSection(ExtensibilityGlobals) = postSolution
		SolutionGuid = {FECDED94-AC5E-4969-ADCE-9F1FC39BDC56}
	EndGlobalSection
EndGlobal
