
Microsoft Visual Studio Solution File, Format Version 12.00
# Visual Studio Version 16
VisualStudioVersion = 16.0.30413.136
MinimumVisualStudioVersion = 10.0.40219.1
Project("{FAE04EC0-301F-11D3-BF4B-00C04F79EFBC}") = "DR2", "DR2\DR2.csproj", "{1BCC25C9-883D-4E7E-A555-B56385BF0B76}"
EndProject
Global
	GlobalSection(SolutionConfigurationPlatforms) = preSolution
		Debug|Any CPU = Debug|Any CPU
		Release|Any CPU = Release|Any CPU
	EndGlobalSection
	GlobalSection(ProjectConfigurationPlatforms) = postSolution
		{1BCC25C9-883D-4E7E-A555-B56385BF0B76}.Debug|Any CPU.ActiveCfg = Debug|Any CPU
		{1BCC25C9-883D-4E7E-A555-B56385BF0B76}.Debug|Any CPU.Build.0 = Debug|Any CPU
		{1BCC25C9-883D-4E7E-A555-B56385BF0B76}.Release|Any CPU.ActiveCfg = Release|Any CPU
		{1BCC25C9-883D-4E7E-A555-B56385BF0B76}.Release|Any CPU.Build.0 = Release|Any CPU
	EndGlobalSection
	GlobalSection(SolutionProperties) = preSolution
		HideSolutionNode = FALSE
	EndGlobalSection
	GlobalSection(ExtensibilityGlobals) = postSolution
		SolutionGuid = {2DA0BD4A-806A-4996-9D62-F904EC6434C2}
	EndGlobalSection
EndGlobal
